
Microsoft Visual Studio Solution File, Format Version 12.00
# Visual Studio 15
VisualStudioVersion = 15.0.27130.2027
MinimumVisualStudioVersion = 10.0.40219.1
Project("{FAE04EC0-301F-11D3-BF4B-00C04F79EFBC}") = "Lab_connection_database_1", "Lab_connection_database_1\Lab_connection_database_1.csproj", "{A27538C0-D880-410C-A3BF-FEFBF1ED3C52}"
EndProject
Project("{FAE04EC0-301F-11D3-BF4B-00C04F79EFBC}") = "LabDB1", "LabDB1\LabDB1.csproj", "{05BB6F97-D0FB-4C54-93AD-17DE8F907156}"
EndProject
Project("{FAE04EC0-301F-11D3-BF4B-00C04F79EFBC}") = "LabDB2", "LabDB2\LabDB2.csproj", "{BCD747E7-F86D-464C-8A4A-5ECB73BF0A99}"
EndProject
Project("{FAE04EC0-301F-11D3-BF4B-00C04F79EFBC}") = "LabDB4", "LabDB4\LabDB4.csproj", "{7EF8988B-4C53-476A-8C5D-408F153439B4}"
EndProject
Project("{FAE04EC0-301F-11D3-BF4B-00C04F79EFBC}") = "LabDB3", "LabDB3\LabDB3.csproj", "{D4721D28-4A36-466C-A275-37DE3A3ADAC0}"
EndProject
Project("{FAE04EC0-301F-11D3-BF4B-00C04F79EFBC}") = "LabDB5", "LabDB5\LabDB5.csproj", "{1EE83B96-F569-4706-A859-436660750440}"
EndProject
Project("{FAE04EC0-301F-11D3-BF4B-00C04F79EFBC}") = "LabDB6", "LabDB6\LabDB6.csproj", "{E5C3CCCE-223C-4194-BF94-DF3FB8241E94}"
EndProject
Project("{FAE04EC0-301F-11D3-BF4B-00C04F79EFBC}") = "LabDB7", "LabDB7\LabDB7.csproj", "{37F55789-299F-4A22-9DB5-AFA594E9CCC0}"
EndProject
Project("{FAE04EC0-301F-11D3-BF4B-00C04F79EFBC}") = "LabDB8", "LabDB8\LabDB8.csproj", "{CBA86384-C5B7-495E-A656-B5430D42916A}"
EndProject
Project("{FAE04EC0-301F-11D3-BF4B-00C04F79EFBC}") = "LabDB9", "LabDB9\LabDB9.csproj", "{BC8FD299-5F55-480E-A7E8-ECE3E9218D8D}"
EndProject
Project("{FAE04EC0-301F-11D3-BF4B-00C04F79EFBC}") = "LabDB10", "LabDB10\LabDB10.csproj", "{C6F3918F-7448-4A77-B4B7-F4DD7FA50A0F}"
EndProject
Project("{FAE04EC0-301F-11D3-BF4B-00C04F79EFBC}") = "LabDB_11", "LabDB_11\LabDB_11.csproj", "{3831B1A4-5AA3-4CF1-BA3C-8F4B9154D3DC}"
EndProject
Global
	GlobalSection(SolutionConfigurationPlatforms) = preSolution
		Debug|Any CPU = Debug|Any CPU
		Release|Any CPU = Release|Any CPU
	EndGlobalSection
	GlobalSection(ProjectConfigurationPlatforms) = postSolution
		{A27538C0-D880-410C-A3BF-FEFBF1ED3C52}.Debug|Any CPU.ActiveCfg = Debug|Any CPU
		{A27538C0-D880-410C-A3BF-FEFBF1ED3C52}.Debug|Any CPU.Build.0 = Debug|Any CPU
		{A27538C0-D880-410C-A3BF-FEFBF1ED3C52}.Release|Any CPU.ActiveCfg = Release|Any CPU
		{A27538C0-D880-410C-A3BF-FEFBF1ED3C52}.Release|Any CPU.Build.0 = Release|Any CPU
		{05BB6F97-D0FB-4C54-93AD-17DE8F907156}.Debug|Any CPU.ActiveCfg = Debug|Any CPU
		{05BB6F97-D0FB-4C54-93AD-17DE8F907156}.Debug|Any CPU.Build.0 = Debug|Any CPU
		{05BB6F97-D0FB-4C54-93AD-17DE8F907156}.Release|Any CPU.ActiveCfg = Release|Any CPU
		{05BB6F97-D0FB-4C54-93AD-17DE8F907156}.Release|Any CPU.Build.0 = Release|Any CPU
		{BCD747E7-F86D-464C-8A4A-5ECB73BF0A99}.Debug|Any CPU.ActiveCfg = Debug|Any CPU
		{BCD747E7-F86D-464C-8A4A-5ECB73BF0A99}.Debug|Any CPU.Build.0 = Debug|Any CPU
		{BCD747E7-F86D-464C-8A4A-5ECB73BF0A99}.Release|Any CPU.ActiveCfg = Release|Any CPU
		{BCD747E7-F86D-464C-8A4A-5ECB73BF0A99}.Release|Any CPU.Build.0 = Release|Any CPU
		{7EF8988B-4C53-476A-8C5D-408F153439B4}.Debug|Any CPU.ActiveCfg = Debug|Any CPU
		{7EF8988B-4C53-476A-8C5D-408F153439B4}.Debug|Any CPU.Build.0 = Debug|Any CPU
		{7EF8988B-4C53-476A-8C5D-408F153439B4}.Release|Any CPU.ActiveCfg = Release|Any CPU
		{7EF8988B-4C53-476A-8C5D-408F153439B4}.Release|Any CPU.Build.0 = Release|Any CPU
		{D4721D28-4A36-466C-A275-37DE3A3ADAC0}.Debug|Any CPU.ActiveCfg = Debug|Any CPU
		{D4721D28-4A36-466C-A275-37DE3A3ADAC0}.Debug|Any CPU.Build.0 = Debug|Any CPU
		{D4721D28-4A36-466C-A275-37DE3A3ADAC0}.Release|Any CPU.ActiveCfg = Release|Any CPU
		{D4721D28-4A36-466C-A275-37DE3A3ADAC0}.Release|Any CPU.Build.0 = Release|Any CPU
		{1EE83B96-F569-4706-A859-436660750440}.Debug|Any CPU.ActiveCfg = Debug|Any CPU
		{1EE83B96-F569-4706-A859-436660750440}.Debug|Any CPU.Build.0 = Debug|Any CPU
		{1EE83B96-F569-4706-A859-436660750440}.Release|Any CPU.ActiveCfg = Release|Any CPU
		{1EE83B96-F569-4706-A859-436660750440}.Release|Any CPU.Build.0 = Release|Any CPU
		{E5C3CCCE-223C-4194-BF94-DF3FB8241E94}.Debug|Any CPU.ActiveCfg = Debug|Any CPU
		{E5C3CCCE-223C-4194-BF94-DF3FB8241E94}.Debug|Any CPU.Build.0 = Debug|Any CPU
		{E5C3CCCE-223C-4194-BF94-DF3FB8241E94}.Release|Any CPU.ActiveCfg = Release|Any CPU
		{E5C3CCCE-223C-4194-BF94-DF3FB8241E94}.Release|Any CPU.Build.0 = Release|Any CPU
		{37F55789-299F-4A22-9DB5-AFA594E9CCC0}.Debug|Any CPU.ActiveCfg = Debug|Any CPU
		{37F55789-299F-4A22-9DB5-AFA594E9CCC0}.Debug|Any CPU.Build.0 = Debug|Any CPU
		{37F55789-299F-4A22-9DB5-AFA594E9CCC0}.Release|Any CPU.ActiveCfg = Release|Any CPU
		{37F55789-299F-4A22-9DB5-AFA594E9CCC0}.Release|Any CPU.Build.0 = Release|Any CPU
		{CBA86384-C5B7-495E-A656-B5430D42916A}.Debug|Any CPU.ActiveCfg = Debug|Any CPU
		{CBA86384-C5B7-495E-A656-B5430D42916A}.Debug|Any CPU.Build.0 = Debug|Any CPU
		{CBA86384-C5B7-495E-A656-B5430D42916A}.Release|Any CPU.ActiveCfg = Release|Any CPU
		{CBA86384-C5B7-495E-A656-B5430D42916A}.Release|Any CPU.Build.0 = Release|Any CPU
		{BC8FD299-5F55-480E-A7E8-ECE3E9218D8D}.Debug|Any CPU.ActiveCfg = Debug|Any CPU
		{BC8FD299-5F55-480E-A7E8-ECE3E9218D8D}.Debug|Any CPU.Build.0 = Debug|Any CPU
		{BC8FD299-5F55-480E-A7E8-ECE3E9218D8D}.Release|Any CPU.ActiveCfg = Release|Any CPU
		{BC8FD299-5F55-480E-A7E8-ECE3E9218D8D}.Release|Any CPU.Build.0 = Release|Any CPU
		{C6F3918F-7448-4A77-B4B7-F4DD7FA50A0F}.Debug|Any CPU.ActiveCfg = Debug|Any CPU
		{C6F3918F-7448-4A77-B4B7-F4DD7FA50A0F}.Debug|Any CPU.Build.0 = Debug|Any CPU
		{C6F3918F-7448-4A77-B4B7-F4DD7FA50A0F}.Release|Any CPU.ActiveCfg = Release|Any CPU
		{C6F3918F-7448-4A77-B4B7-F4DD7FA50A0F}.Release|Any CPU.Build.0 = Release|Any CPU
		{3831B1A4-5AA3-4CF1-BA3C-8F4B9154D3DC}.Debug|Any CPU.ActiveCfg = Debug|Any CPU
		{3831B1A4-5AA3-4CF1-BA3C-8F4B9154D3DC}.Debug|Any CPU.Build.0 = Debug|Any CPU
		{3831B1A4-5AA3-4CF1-BA3C-8F4B9154D3DC}.Release|Any CPU.ActiveCfg = Release|Any CPU
		{3831B1A4-5AA3-4CF1-BA3C-8F4B9154D3DC}.Release|Any CPU.Build.0 = Release|Any CPU
	EndGlobalSection
	GlobalSection(SolutionProperties) = preSolution
		HideSolutionNode = FALSE
	EndGlobalSection
	GlobalSection(ExtensibilityGlobals) = postSolution
		SolutionGuid = {583D888F-DAEF-4469-9533-A00E9D47EBD2}
	EndGlobalSection
EndGlobal
